hash: f0136f055e45cb94d740cc0ce4c6872d996ac77c874232e5077bde9bb8b10fd5
updated: 2017-11-30T13:24:53.944828379+09:00
imports:
- name: github.com/labstack/echo
  version: 0473c51f1dbd83487effce00702571d19033a6e5
  subpackages:
  - '...'
- name: github.com/labstack/gommon
  version: 57409ada9da0f2afad6664c49502f8c50fbd8476
  subpackages:
  - color
  - log
- name: github.com/mattn/go-colorable
  version: 6fcc0c1fd9b620311d821b106a400b35dc95c497
- name: github.com/mattn/go-isatty
  version: 6ca4dbf54d38eea1a992b3c722a76a5d1c4cb25c
- name: github.com/valyala/bytebufferpool
  version: e746df99fe4a3986f4d4f79e13c1e0117ce9c2f7
- name: github.com/valyala/fasttemplate
  version: dcecefd839c4193db0d35b88ec65b4c12d360ab0
- name: golang.org/x/crypto
  version: 94eea52f7b742c7cbe0b03b22f0c4c8631ece122
  subpackages:
  - acme
  - acme/autocert
- name: golang.org/x/sys
  version: 13fcbd661c8ececa8807a29b48407d674b1d8ed8
  subpackages:
  - unix
testImports: []
